
Microsoft Visual Studio Solution File, Format Version 12.00
# 17
VisualStudioVersion = 17.11.35125.118
MinimumVisualStudioVersion = 10.0.40219.1
Project("{2150E333-8FDC-42A3-9474-1A3956D46DE8}") = "src", "src", "{3EF8B468-2032-4EC9-9453-81A07E3B2DB8}"
EndProject
Project("{2150E333-8FDC-42A3-9474-1A3956D46DE8}") = "solution-items", "solution-items", "{0C8D1904-CD8E-432B-A7FB-69442345DDD6}"
	ProjectSection(SolutionItems) = preProject
		.gitignore = .gitignore
		LICENSE = LICENSE
		README.md = README.md
	EndProjectSection
EndProject
Project("{9A19103F-16F7-4668-BE54-9A1E7A4F7556}") = "Memo.Blog.App", "src\Memo.Blog.App\Memo.Blog.App.csproj", "{B99F0D50-2DA8-448F-A2EC-50341CCA236D}"
EndProject
Global
	GlobalSection(SolutionConfigurationPlatforms) = preSolution
		Debug|Any CPU = Debug|Any CPU
		Release|Any CPU = Release|Any CPU
	EndGlobalSection
	GlobalSection(ProjectConfigurationPlatforms) = postSolution
		{B99F0D50-2DA8-448F-A2EC-50341CCA236D}.Debug|Any CPU.ActiveCfg = Debug|Any CPU
		{B99F0D50-2DA8-448F-A2EC-50341CCA236D}.Debug|Any CPU.Build.0 = Debug|Any CPU
		{B99F0D50-2DA8-448F-A2EC-50341CCA236D}.Debug|Any CPU.Deploy.0 = Debug|Any CPU
		{B99F0D50-2DA8-448F-A2EC-50341CCA236D}.Release|Any CPU.ActiveCfg = Release|Any CPU
		{B99F0D50-2DA8-448F-A2EC-50341CCA236D}.Release|Any CPU.Build.0 = Release|Any CPU
		{B99F0D50-2DA8-448F-A2EC-50341CCA236D}.Release|Any CPU.Deploy.0 = Release|Any CPU
	EndGlobalSection
	GlobalSection(SolutionProperties) = preSolution
		HideSolutionNode = FALSE
	EndGlobalSection
	GlobalSection(NestedProjects) = preSolution
		{B99F0D50-2DA8-448F-A2EC-50341CCA236D} = {3EF8B468-2032-4EC9-9453-81A07E3B2DB8}
	EndGlobalSection
	GlobalSection(ExtensibilityGlobals) = postSolution
		SolutionGuid = {56C88CFF-4623-40EA-B621-9797DB42463A}
	EndGlobalSection
EndGlobal
