
Microsoft Visual Studio Solution File, Format Version 12.00
# Visual Studio Version 17
VisualStudioVersion = 17.11.35125.118
MinimumVisualStudioVersion = 10.0.40219.1
Project("{FAE04EC0-301F-11D3-BF4B-00C04F79EFBC}") = "Marked.Demo", "Markdown.Demo\Markdown.Demo.csproj", "{A5A1AED5-B7E5-4B83-B12F-74E1EBD3B20F}"
EndProject
Global
	GlobalSection(SolutionConfigurationPlatforms) = preSolution
		Debug|Any CPU = Debug|Any CPU
		Release|Any CPU = Release|Any CPU
	EndGlobalSection
	GlobalSection(ProjectConfigurationPlatforms) = postSolution
		{A5A1AED5-B7E5-4B83-B12F-74E1EBD3B20F}.Debug|Any CPU.ActiveCfg = Debug|Any CPU
		{A5A1AED5-B7E5-4B83-B12F-74E1EBD3B20F}.Debug|Any CPU.Build.0 = Debug|Any CPU
		{A5A1AED5-B7E5-4B83-B12F-74E1EBD3B20F}.Debug|Any CPU.Deploy.0 = Debug|Any CPU
		{A5A1AED5-B7E5-4B83-B12F-74E1EBD3B20F}.Release|Any CPU.ActiveCfg = Release|Any CPU
		{A5A1AED5-B7E5-4B83-B12F-74E1EBD3B20F}.Release|Any CPU.Build.0 = Release|Any CPU
		{A5A1AED5-B7E5-4B83-B12F-74E1EBD3B20F}.Release|Any CPU.Deploy.0 = Release|Any CPU
	EndGlobalSection
	GlobalSection(SolutionProperties) = preSolution
		HideSolutionNode = FALSE
	EndGlobalSection
	GlobalSection(ExtensibilityGlobals) = postSolution
		SolutionGuid = {7B12782B-E983-46D4-9234-2FEF63143755}
	EndGlobalSection
EndGlobal
